
Microsoft Visual Studio Solution File, Format Version 12.00
# Visual Studio Version 16
VisualStudioVersion = 16.0.33027.164
MinimumVisualStudioVersion = 10.0.40219.1
Project("{FAE04EC0-301F-11D3-BF4B-00C04F79EFBC}") = "ConsoleSoloProject", "ConsoleSoloProject.csproj", "{0AC4BE72-36DC-4603-A21E-DBB5C3B50294}"
EndProject
Global
	GlobalSection(SolutionConfigurationPlatforms) = preSolution
		Debug|Any CPU = Debug|Any CPU
		Release|Any CPU = Release|Any CPU
	EndGlobalSection
	GlobalSection(ProjectConfigurationPlatforms) = postSolution
		{0AC4BE72-36DC-4603-A21E-DBB5C3B50294}.Debug|Any CPU.ActiveCfg = Debug|Any CPU
		{0AC4BE72-36DC-4603-A21E-DBB5C3B50294}.Debug|Any CPU.Build.0 = Debug|Any CPU
		{0AC4BE72-36DC-4603-A21E-DBB5C3B50294}.Release|Any CPU.ActiveCfg = Release|Any CPU
		{0AC4BE72-36DC-4603-A21E-DBB5C3B50294}.Release|Any CPU.Build.0 = Release|Any CPU
	EndGlobalSection
	GlobalSection(SolutionProperties) = preSolution
		HideSolutionNode = FALSE
	EndGlobalSection
	GlobalSection(ExtensibilityGlobals) = postSolution
		SolutionGuid = {82139B50-D754-47B0-86D8-4849D148E783}
	EndGlobalSection
EndGlobal
